{
  "name": "@zumosik/grpc_chat_protos",
  "version": "1.0.0",
  "lockfileVersion": 3,
  "requires": true,
  "packages": {
    "": {
      "name": "@zumosik/grpc_chat_protos",
      "version": "1.0.0",
      "license": "ISC",
      "dependencies": {
        "google-protobuf": "^3.21.2",
        "grpc-web": "^1.5.0",
        "protoc-gen-ts": "^0.8.7"
      }
    },
    "node_modules/google-protobuf": {
      "version": "3.21.2",
      "resolved": "https://registry.npmjs.org/google-protobuf/-/google-protobuf-3.21.2.tgz",
      "integrity": "sha512-3MSOYFO5U9mPGikIYCzK0SaThypfGgS6bHqrUGXG3DPHCrb+txNqeEcns1W0lkGfk0rCyNXm7xB9rMxnCiZOoA=="
    },
    "node_modules/grpc-web": {
      "version": "1.5.0",
      "resolved": "https://registry.npmjs.org/grpc-web/-/grpc-web-1.5.0.tgz",
      "integrity": "sha512-y1tS3BBIoiVSzKTDF3Hm7E8hV2n7YY7pO0Uo7depfWJqKzWE+SKr0jvHNIJsJJYILQlpYShpi/DRJJMbosgDMQ=="
    },
    "node_modules/protoc-gen-ts": {
      "version": "0.8.7",
      "resolved": "https://registry.npmjs.org/protoc-gen-ts/-/protoc-gen-ts-0.8.7.tgz",
      "integrity": "sha512-jr4VJey2J9LVYCV7EVyVe53g1VMw28cCmYJhBe5e3YX5wiyiDwgxWxeDf9oTqAe4P1bN/YGAkW2jhlH8LohwiQ==",
      "bin": {
        "protoc-gen-ts": "protoc-gen-ts.js"
      },
      "funding": {
        "type": "individual",
        "url": "https://www.buymeacoffee.com/thesayyn"
      }
    }
  }
}
